// !$*UTF8*$!
{
	archiveVersion = 1;
	classes = {
	};
	objectVersion = 51;
	objects = {

/* Begin PBXBuildFile section */
		7B4AA7A80DDBA789E2405822 /* Pods_Messaging.framework in Frameworks */ = {isa = PBXBuildFile; fileRef = 26714A36D44B52E8F18B004A /* Pods_Messaging.framework */; };
		AE4FA9742631F3E3006A3243 /* AppDelegate.swift in Sources */ = {isa = PBXBuildFile; fileRef = AE4FA9732631F3E3006A3243 /* AppDelegate.swift */; };
		AE4FA9762631F3E3006A3243 /* SceneDelegate.swift in Sources */ = {isa = PBXBuildFile; fileRef = AE4FA9752631F3E3006A3243 /* SceneDelegate.swift */; };
		AE4FA9782631F3E3006A3243 /* HomeViewController.swift in Sources */ = {isa = PBXBuildFile; fileRef = AE4FA9772631F3E3006A3243 /* HomeViewController.swift */; };
		AE4FA97B2631F3E3006A3243 /* HomeViewController.storyboard in Resources */ = {isa = PBXBuildFile; fileRef = AE4FA9792631F3E3006A3243 /* HomeViewController.storyboard */; };
		AE4FA97D2631F3E5006A3243 /* Assets.xcassets in Resources */ = {isa = PBXBuildFile; fileRef = AE4FA97C2631F3E5006A3243 /* Assets.xcassets */; };
		AE4FA9802631F3E5006A3243 /* LaunchScreen.storyboard in Resources */ = {isa = PBXBuildFile; fileRef = AE4FA97E2631F3E5006A3243 /* LaunchScreen.storyboard */; };
		AE4FA9912631F637006A3243 /* LoginViewController.swift in Sources */ = {isa = PBXBuildFile; fileRef = AE4FA9902631F637006A3243 /* LoginViewController.swift */; };
		AE4FA9952631F675006A3243 /* LoginViewController.storyboard in Resources */ = {isa = PBXBuildFile; fileRef = AE4FA9942631F675006A3243 /* LoginViewController.storyboard */; };
		AE712E702632074000F09978 /* StringConstants.swift in Sources */ = {isa = PBXBuildFile; fileRef = AE712E6F2632074000F09978 /* StringConstants.swift */; };
		AE88A87D26333AAF003F35DF /* LoginView.xib in Resources */ = {isa = PBXBuildFile; fileRef = AE88A87C26333AAF003F35DF /* LoginView.xib */; };
		AE88A88026333AF4003F35DF /* LoginView.swift in Sources */ = {isa = PBXBuildFile; fileRef = AE88A87F26333AF4003F35DF /* LoginView.swift */; };
		AE88A88426333BA2003F35DF /* ViewUtility.swift in Sources */ = {isa = PBXBuildFile; fileRef = AE88A88326333BA2003F35DF /* ViewUtility.swift */; };
		AE88A88726333D29003F35DF /* LoginViewViewModel.swift in Sources */ = {isa = PBXBuildFile; fileRef = AE88A88626333D29003F35DF /* LoginViewViewModel.swift */; };
		AE88A88C26334237003F35DF /* RegisterView.xib in Resources */ = {isa = PBXBuildFile; fileRef = AE88A88B26334237003F35DF /* RegisterView.xib */; };
		AE88A88F2633436F003F35DF /* RegisterView.swift in Sources */ = {isa = PBXBuildFile; fileRef = AE88A88E2633436F003F35DF /* RegisterView.swift */; };
		AE88A89226334850003F35DF /* RegisterViewViewModel.swift in Sources */ = {isa = PBXBuildFile; fileRef = AE88A89126334850003F35DF /* RegisterViewViewModel.swift */; };
		AE91DC2E2639E187006BA2A1 /* ImageViewUtility.swift in Sources */ = {isa = PBXBuildFile; fileRef = AE91DC2D2639E187006BA2A1 /* ImageViewUtility.swift */; };
		AE9DCD8426361DB8003AFF71 /* DatabaseManager.swift in Sources */ = {isa = PBXBuildFile; fileRef = AE9DCD8326361DB8003AFF71 /* DatabaseManager.swift */; };
		AEA2317D2638BDBB000BD274 /* ProfilePictureTableViewCell.swift in Sources */ = {isa = PBXBuildFile; fileRef = AEA2317B2638BDBB000BD274 /* ProfilePictureTableViewCell.swift */; };
		AEA2317E2638BDBB000BD274 /* ProfilePictureTableViewCell.xib in Resources */ = {isa = PBXBuildFile; fileRef = AEA2317C2638BDBB000BD274 /* ProfilePictureTableViewCell.xib */; };
		AEB745FA263732A700B4C056 /* ChatViewController.swift in Sources */ = {isa = PBXBuildFile; fileRef = AEB745F9263732A700B4C056 /* ChatViewController.swift */; };
		AEB745FE263732C800B4C056 /* ChatViewController.storyboard in Resources */ = {isa = PBXBuildFile; fileRef = AEB745FD263732C800B4C056 /* ChatViewController.storyboard */; };
		AEB7460126373A8C00B4C056 /* HomeConversationTableViewCell.xib in Resources */ = {isa = PBXBuildFile; fileRef = AEB7460026373A8C00B4C056 /* HomeConversationTableViewCell.xib */; };
		AEB7460426373AA900B4C056 /* HomeConversationTableViewCell.swift in Sources */ = {isa = PBXBuildFile; fileRef = AEB7460326373AA900B4C056 /* HomeConversationTableViewCell.swift */; };
		AEB7460726373C6600B4C056 /* ChatViewControllerViewModel.swift in Sources */ = {isa = PBXBuildFile; fileRef = AEB7460626373C6600B4C056 /* ChatViewControllerViewModel.swift */; };
		AEB7460A2637421600B4C056 /* HomeScreenViewModel.swift in Sources */ = {isa = PBXBuildFile; fileRef = AEB746092637421600B4C056 /* HomeScreenViewModel.swift */; };
		AEB7460F2637432500B4C056 /* NewConversationViewController.swift in Sources */ = {isa = PBXBuildFile; fileRef = AEB7460E2637432500B4C056 /* NewConversationViewController.swift */; };
		AEB746132637433300B4C056 /* NewConversationViewController.storyboard in Resources */ = {isa = PBXBuildFile; fileRef = AEB746122637433300B4C056 /* NewConversationViewController.storyboard */; };
		AEB74617263743F300B4C056 /* NewConversationViewModel.swift in Sources */ = {isa = PBXBuildFile; fileRef = AEB74616263743F300B4C056 /* NewConversationViewModel.swift */; };
		AEB7463226374A7A00B4C056 /* StorageManager.swift in Sources */ = {isa = PBXBuildFile; fileRef = AEB7463126374A7A00B4C056 /* StorageManager.swift */; };
		AEC096DC263B640500E4E3D5 /* DateUtility.swift in Sources */ = {isa = PBXBuildFile; fileRef = AEC096DB263B640500E4E3D5 /* DateUtility.swift */; };
		AEEB51F12639574500F63FED /* ProfilePictureTableViewCellViewModel.swift in Sources */ = {isa = PBXBuildFile; fileRef = AEEB51F02639574500F63FED /* ProfilePictureTableViewCellViewModel.swift */; };
		AEF1111F2638A1AF001D34E1 /* GoogleService-Info.plist in Resources */ = {isa = PBXBuildFile; fileRef = AEF1111E2638A1AF001D34E1 /* GoogleService-Info.plist */; };
		AEF111262638A774001D34E1 /* HomeTabBarController.storyboard in Resources */ = {isa = PBXBuildFile; fileRef = AEF111252638A774001D34E1 /* HomeTabBarController.storyboard */; };
		AEF111292638A783001D34E1 /* HomeTabBarController.swift in Sources */ = {isa = PBXBuildFile; fileRef = AEF111282638A783001D34E1 /* HomeTabBarController.swift */; };
		AEF1112D2638AAC8001D34E1 /* ProfileViewController.swift in Sources */ = {isa = PBXBuildFile; fileRef = AEF1112C2638AAC8001D34E1 /* ProfileViewController.swift */; };
		AEF111302638AAD4001D34E1 /* ProfileViewController.storyboard in Resources */ = {isa = PBXBuildFile; fileRef = AEF1112F2638AAD4001D34E1 /* ProfileViewController.storyboard */; };
		AEF111332638ADC9001D34E1 /* ProfileViewControllerViewModel.swift in Sources */ = {isa = PBXBuildFile; fileRef = AEF111322638ADC9001D34E1 /* ProfileViewControllerViewModel.swift */; };
		AEF1113C2638B3F6001D34E1 /* SignoutTableViewCell.swift in Sources */ = {isa = PBXBuildFile; fileRef = AEF1113B2638B3F6001D34E1 /* SignoutTableViewCell.swift */; };
		AEF111402638B413001D34E1 /* SignoutTableViewCell.xib in Resources */ = {isa = PBXBuildFile; fileRef = AEF1113F2638B413001D34E1 /* SignoutTableViewCell.xib */; };
		AEFBA8A9263209170052D150 /* LoginViewModel.swift in Sources */ = {isa = PBXBuildFile; fileRef = AEFBA8A8263209170052D150 /* LoginViewModel.swift */; };
		AEFBA8AE2632146C0052D150 /* ViewControllerUtility.swift in Sources */ = {isa = PBXBuildFile; fileRef = AEFBA8AD2632146C0052D150 /* ViewControllerUtility.swift */; };
		AEFBA8B326321F080052D150 /* StringUtility.swift in Sources */ = {isa = PBXBuildFile; fileRef = AEFBA8B226321F080052D150 /* StringUtility.swift */; };
/* End PBXBuildFile section */

/* Begin PBXFileReference section */
		26714A36D44B52E8F18B004A /* Pods_Messaging.framework */ = {isa = PBXFileReference; explicitFileType = wrapper.framework; includeInIndex = 0; path = Pods_Messaging.framework; sourceTree = BUILT_PRODUCTS_DIR; };
		57AEE2E87F44F652DC33E097 /* Pods-Messaging.release.xcconfig */ = {isa = PBXFileReference; includeInIndex = 1; lastKnownFileType = text.xcconfig; name = "Pods-Messaging.release.xcconfig"; path = "Target Support Files/Pods-Messaging/Pods-Messaging.release.xcconfig"; sourceTree = "<group>"; };
		7ECC66C78D3C8F3A5660F192 /* Pods-Messaging.debug.xcconfig */ = {isa = PBXFileReference; includeInIndex = 1; lastKnownFileType = text.xcconfig; name = "Pods-Messaging.debug.xcconfig"; path = "Target Support Files/Pods-Messaging/Pods-Messaging.debug.xcconfig"; sourceTree = "<group>"; };
		AE4FA9702631F3E3006A3243 /* Messaging.app */ = {isa = PBXFileReference; explicitFileType = wrapper.application; includeInIndex = 0; path = Messaging.app; sourceTree = BUILT_PRODUCTS_DIR; };
		AE4FA9732631F3E3006A3243 /* AppDelegate.swift */ = {isa = PBXFileReference; lastKnownFileType = sourcecode.swift; path = AppDelegate.swift; sourceTree = "<group>"; };
		AE4FA9752631F3E3006A3243 /* SceneDelegate.swift */ = {isa = PBXFileReference; lastKnownFileType = sourcecode.swift; path = SceneDelegate.swift; sourceTree = "<group>"; };
		AE4FA9772631F3E3006A3243 /* HomeViewController.swift */ = {isa = PBXFileReference; lastKnownFileType = sourcecode.swift; path = HomeViewController.swift; sourceTree = "<group>"; };
		AE4FA97A2631F3E3006A3243 /* Base */ = {isa = PBXFileReference; lastKnownFileType = file.storyboard; name = Base; path = Base.lproj/HomeViewController.storyboard; sourceTree = "<group>"; };
		AE4FA97C2631F3E5006A3243 /* Assets.xcassets */ = {isa = PBXFileReference; lastKnownFileType = folder.assetcatalog; path = Assets.xcassets; sourceTree = "<group>"; };
		AE4FA97F2631F3E5006A3243 /* Base */ = {isa = PBXFileReference; lastKnownFileType = file.storyboard; name = Base; path = Base.lproj/LaunchScreen.storyboard; sourceTree = "<group>"; };
		AE4FA9812631F3E5006A3243 /* Info.plist */ = {isa = PBXFileReference; lastKnownFileType = text.plist.xml; path = Info.plist; sourceTree = "<group>"; };
		AE4FA9902631F637006A3243 /* LoginViewController.swift */ = {isa = PBXFileReference; lastKnownFileType = sourcecode.swift; path = LoginViewController.swift; sourceTree = "<group>"; };
		AE4FA9942631F675006A3243 /* LoginViewController.storyboard */ = {isa = PBXFileReference; lastKnownFileType = file.storyboard; path = LoginViewController.storyboard; sourceTree = "<group>"; };
		AE712E6F2632074000F09978 /* StringConstants.swift */ = {isa = PBXFileReference; lastKnownFileType = sourcecode.swift; path = StringConstants.swift; sourceTree = "<group>"; };
		AE88A87C26333AAF003F35DF /* LoginView.xib */ = {isa = PBXFileReference; lastKnownFileType = file.xib; path = LoginView.xib; sourceTree = "<group>"; };
		AE88A87F26333AF4003F35DF /* LoginView.swift */ = {isa = PBXFileReference; lastKnownFileType = sourcecode.swift; path = LoginView.swift; sourceTree = "<group>"; };
		AE88A88326333BA2003F35DF /* ViewUtility.swift */ = {isa = PBXFileReference; lastKnownFileType = sourcecode.swift; path = ViewUtility.swift; sourceTree = "<group>"; };
		AE88A88626333D29003F35DF /* LoginViewViewModel.swift */ = {isa = PBXFileReference; lastKnownFileType = sourcecode.swift; path = LoginViewViewModel.swift; sourceTree = "<group>"; };
		AE88A88B26334237003F35DF /* RegisterView.xib */ = {isa = PBXFileReference; lastKnownFileType = file.xib; path = RegisterView.xib; sourceTree = "<group>"; };
		AE88A88E2633436F003F35DF /* RegisterView.swift */ = {isa = PBXFileReference; lastKnownFileType = sourcecode.swift; path = RegisterView.swift; sourceTree = "<group>"; };
		AE88A89126334850003F35DF /* RegisterViewViewModel.swift */ = {isa = PBXFileReference; lastKnownFileType = sourcecode.swift; path = RegisterViewViewModel.swift; sourceTree = "<group>"; };
		AE91DC2D2639E187006BA2A1 /* ImageViewUtility.swift */ = {isa = PBXFileReference; lastKnownFileType = sourcecode.swift; path = ImageViewUtility.swift; sourceTree = "<group>"; };
		AE9DCD8326361DB8003AFF71 /* DatabaseManager.swift */ = {isa = PBXFileReference; lastKnownFileType = sourcecode.swift; path = DatabaseManager.swift; sourceTree = "<group>"; };
		AEA2317B2638BDBB000BD274 /* ProfilePictureTableViewCell.swift */ = {isa = PBXFileReference; lastKnownFileType = sourcecode.swift; path = ProfilePictureTableViewCell.swift; sourceTree = "<group>"; };
		AEA2317C2638BDBB000BD274 /* ProfilePictureTableViewCell.xib */ = {isa = PBXFileReference; lastKnownFileType = file.xib; path = ProfilePictureTableViewCell.xib; sourceTree = "<group>"; };
		AEB745F9263732A700B4C056 /* ChatViewController.swift */ = {isa = PBXFileReference; lastKnownFileType = sourcecode.swift; path = ChatViewController.swift; sourceTree = "<group>"; };
		AEB745FD263732C800B4C056 /* ChatViewController.storyboard */ = {isa = PBXFileReference; lastKnownFileType = file.storyboard; path = ChatViewController.storyboard; sourceTree = "<group>"; };
		AEB7460026373A8C00B4C056 /* HomeConversationTableViewCell.xib */ = {isa = PBXFileReference; lastKnownFileType = file.xib; path = HomeConversationTableViewCell.xib; sourceTree = "<group>"; };
		AEB7460326373AA900B4C056 /* HomeConversationTableViewCell.swift */ = {isa = PBXFileReference; lastKnownFileType = sourcecode.swift; path = HomeConversationTableViewCell.swift; sourceTree = "<group>"; };
		AEB7460626373C6600B4C056 /* ChatViewControllerViewModel.swift */ = {isa = PBXFileReference; lastKnownFileType = sourcecode.swift; path = ChatViewControllerViewModel.swift; sourceTree = "<group>"; };
		AEB746092637421600B4C056 /* HomeScreenViewModel.swift */ = {isa = PBXFileReference; lastKnownFileType = sourcecode.swift; path = HomeScreenViewModel.swift; sourceTree = "<group>"; };
		AEB7460E2637432500B4C056 /* NewConversationViewController.swift */ = {isa = PBXFileReference; lastKnownFileType = sourcecode.swift; path = NewConversationViewController.swift; sourceTree = "<group>"; };
		AEB746122637433300B4C056 /* NewConversationViewController.storyboard */ = {isa = PBXFileReference; lastKnownFileType = file.storyboard; path = NewConversationViewController.storyboard; sourceTree = "<group>"; };
		AEB74616263743F300B4C056 /* NewConversationViewModel.swift */ = {isa = PBXFileReference; lastKnownFileType = sourcecode.swift; path = NewConversationViewModel.swift; sourceTree = "<group>"; };
		AEB7463126374A7A00B4C056 /* StorageManager.swift */ = {isa = PBXFileReference; lastKnownFileType = sourcecode.swift; path = StorageManager.swift; sourceTree = "<group>"; };
		AEC096DB263B640500E4E3D5 /* DateUtility.swift */ = {isa = PBXFileReference; lastKnownFileType = sourcecode.swift; path = DateUtility.swift; sourceTree = "<group>"; };
		AEEB51F02639574500F63FED /* ProfilePictureTableViewCellViewModel.swift */ = {isa = PBXFileReference; lastKnownFileType = sourcecode.swift; path = ProfilePictureTableViewCellViewModel.swift; sourceTree = "<group>"; };
		AEF1111E2638A1AF001D34E1 /* GoogleService-Info.plist */ = {isa = PBXFileReference; fileEncoding = 4; lastKnownFileType = text.plist.xml; path = "GoogleService-Info.plist"; sourceTree = "<group>"; };
		AEF111252638A774001D34E1 /* HomeTabBarController.storyboard */ = {isa = PBXFileReference; lastKnownFileType = file.storyboard; path = HomeTabBarController.storyboard; sourceTree = "<group>"; };
		AEF111282638A783001D34E1 /* HomeTabBarController.swift */ = {isa = PBXFileReference; lastKnownFileType = sourcecode.swift; path = HomeTabBarController.swift; sourceTree = "<group>"; };
		AEF1112C2638AAC8001D34E1 /* ProfileViewController.swift */ = {isa = PBXFileReference; lastKnownFileType = sourcecode.swift; path = ProfileViewController.swift; sourceTree = "<group>"; };
		AEF1112F2638AAD4001D34E1 /* ProfileViewController.storyboard */ = {isa = PBXFileReference; lastKnownFileType = file.storyboard; path = ProfileViewController.storyboard; sourceTree = "<group>"; };
		AEF111322638ADC9001D34E1 /* ProfileViewControllerViewModel.swift */ = {isa = PBXFileReference; lastKnownFileType = sourcecode.swift; path = ProfileViewControllerViewModel.swift; sourceTree = "<group>"; };
		AEF1113B2638B3F6001D34E1 /* SignoutTableViewCell.swift */ = {isa = PBXFileReference; lastKnownFileType = sourcecode.swift; path = SignoutTableViewCell.swift; sourceTree = "<group>"; };
		AEF1113F2638B413001D34E1 /* SignoutTableViewCell.xib */ = {isa = PBXFileReference; lastKnownFileType = file.xib; path = SignoutTableViewCell.xib; sourceTree = "<group>"; };
		AEFBA8A8263209170052D150 /* LoginViewModel.swift */ = {isa = PBXFileReference; lastKnownFileType = sourcecode.swift; path = LoginViewModel.swift; sourceTree = "<group>"; };
		AEFBA8AD2632146C0052D150 /* ViewControllerUtility.swift */ = {isa = PBXFileReference; lastKnownFileType = sourcecode.swift; path = ViewControllerUtility.swift; sourceTree = "<group>"; };
		AEFBA8B226321F080052D150 /* StringUtility.swift */ = {isa = PBXFileReference; lastKnownFileType = sourcecode.swift; path = StringUtility.swift; sourceTree = "<group>"; };
/* End PBXFileReference section */

/* Begin PBXFrameworksBuildPhase section */
		AE4FA96D2631F3E3006A3243 /* Frameworks */ = {
			isa = PBXFrameworksBuildPhase;
			buildActionMask = 2147483647;
			files = (
				7B4AA7A80DDBA789E2405822 /* Pods_Messaging.framework in Frameworks */,
			);
			runOnlyForDeploymentPostprocessing = 0;
		};
/* End PBXFrameworksBuildPhase section */

/* Begin PBXGroup section */
		209916EC7D0965B0F2456D02 /* Pods */ = {
			isa = PBXGroup;
			children = (
				7ECC66C78D3C8F3A5660F192 /* Pods-Messaging.debug.xcconfig */,
				57AEE2E87F44F652DC33E097 /* Pods-Messaging.release.xcconfig */,
			);
			path = Pods;
			sourceTree = "<group>";
		};
		8818650DEA9F5007E291F976 /* Frameworks */ = {
			isa = PBXGroup;
			children = (
				26714A36D44B52E8F18B004A /* Pods_Messaging.framework */,
			);
			name = Frameworks;
			sourceTree = "<group>";
		};
		AE4FA9672631F3E3006A3243 = {
			isa = PBXGroup;
			children = (
				AE4FA9722631F3E3006A3243 /* Messaging */,
				AE4FA9712631F3E3006A3243 /* Products */,
				209916EC7D0965B0F2456D02 /* Pods */,
				8818650DEA9F5007E291F976 /* Frameworks */,
			);
			sourceTree = "<group>";
		};
		AE4FA9712631F3E3006A3243 /* Products */ = {
			isa = PBXGroup;
			children = (
				AE4FA9702631F3E3006A3243 /* Messaging.app */,
			);
			name = Products;
			sourceTree = "<group>";
		};
		AE4FA9722631F3E3006A3243 /* Messaging */ = {
			isa = PBXGroup;
			children = (
				AE4FA98C2631F528006A3243 /* Lifecycle */,
				AE4FA98A2631F50B006A3243 /* Templates */,
				AE88A87A26333A8A003F35DF /* Organisms */,
				AE9DCD8226361DAA003AFF71 /* Managers */,
				AEFBA8AC263214600052D150 /* Utilities */,
				AE4FA98D2631F534006A3243 /* Resources */,
				AE4FA9812631F3E5006A3243 /* Info.plist */,
				AEF1111E2638A1AF001D34E1 /* GoogleService-Info.plist */,
			);
			path = Messaging;
			sourceTree = "<group>";
		};
		AE4FA98A2631F50B006A3243 /* Templates */ = {
			isa = PBXGroup;
			children = (
				AE4FA98F2631F629006A3243 /* LoginAndRegister */,
				AEF111212638A58F001D34E1 /* TabBarController */,
				AEB745F82637327100B4C056 /* ChatViewController */,
				AEB7460D263742F500B4C056 /* NewConversationController */,
			);
			path = Templates;
			sourceTree = "<group>";
		};
		AE4FA98B2631F514006A3243 /* HomeScreen */ = {
			isa = PBXGroup;
			children = (
				AE4FA9792631F3E3006A3243 /* HomeViewController.storyboard */,
				AE4FA9772631F3E3006A3243 /* HomeViewController.swift */,
				AEB746092637421600B4C056 /* HomeScreenViewModel.swift */,
			);
			path = HomeScreen;
			sourceTree = "<group>";
		};
		AE4FA98C2631F528006A3243 /* Lifecycle */ = {
			isa = PBXGroup;
			children = (
				AE4FA9732631F3E3006A3243 /* AppDelegate.swift */,
				AE4FA9752631F3E3006A3243 /* SceneDelegate.swift */,
			);
			path = Lifecycle;
			sourceTree = "<group>";
		};
		AE4FA98D2631F534006A3243 /* Resources */ = {
			isa = PBXGroup;
			children = (
				AE712E6F2632074000F09978 /* StringConstants.swift */,
				AE4FA97E2631F3E5006A3243 /* LaunchScreen.storyboard */,
				AE4FA97C2631F3E5006A3243 /* Assets.xcassets */,
			);
			path = Resources;
			sourceTree = "<group>";
		};
		AE4FA98F2631F629006A3243 /* LoginAndRegister */ = {
			isa = PBXGroup;
			children = (
				AEFBA8A8263209170052D150 /* LoginViewModel.swift */,
				AE4FA9902631F637006A3243 /* LoginViewController.swift */,
				AE4FA9942631F675006A3243 /* LoginViewController.storyboard */,
			);
			path = LoginAndRegister;
			sourceTree = "<group>";
		};
		AE88A87A26333A8A003F35DF /* Organisms */ = {
			isa = PBXGroup;
			children = (
				AEF111362638B30D001D34E1 /* ProfilePageTableViewCells */,
				AEB745F7263731B200B4C056 /* HomeConversationTableViewCell */,
				AE88A88A2633415A003F35DF /* RegisterOrganism */,
				AE88A87B26333A9D003F35DF /* LoginOrganism */,
			);
			path = Organisms;
			sourceTree = "<group>";
		};
		AE88A87B26333A9D003F35DF /* LoginOrganism */ = {
			isa = PBXGroup;
			children = (
				AE88A87C26333AAF003F35DF /* LoginView.xib */,
				AE88A87F26333AF4003F35DF /* LoginView.swift */,
				AE88A88626333D29003F35DF /* LoginViewViewModel.swift */,
			);
			path = LoginOrganism;
			sourceTree = "<group>";
		};
		AE88A88A2633415A003F35DF /* RegisterOrganism */ = {
			isa = PBXGroup;
			children = (
				AE88A88B26334237003F35DF /* RegisterView.xib */,
				AE88A88E2633436F003F35DF /* RegisterView.swift */,
				AE88A89126334850003F35DF /* RegisterViewViewModel.swift */,
			);
			path = RegisterOrganism;
			sourceTree = "<group>";
		};
		AE9DCD8226361DAA003AFF71 /* Managers */ = {
			isa = PBXGroup;
			children = (
				AE9DCD8326361DB8003AFF71 /* DatabaseManager.swift */,
				AEB7463126374A7A00B4C056 /* StorageManager.swift */,
			);
			path = Managers;
			sourceTree = "<group>";
		};
		AEA231782638BD66000BD274 /* ProfilePicture */ = {
			isa = PBXGroup;
			children = (
				AEA2317C2638BDBB000BD274 /* ProfilePictureTableViewCell.xib */,
				AEA2317B2638BDBB000BD274 /* ProfilePictureTableViewCell.swift */,
				AEEB51F02639574500F63FED /* ProfilePictureTableViewCellViewModel.swift */,
			);
			path = ProfilePicture;
			sourceTree = "<group>";
		};
		AEB745F7263731B200B4C056 /* HomeConversationTableViewCell */ = {
			isa = PBXGroup;
			children = (
				AEB7460026373A8C00B4C056 /* HomeConversationTableViewCell.xib */,
				AEB7460326373AA900B4C056 /* HomeConversationTableViewCell.swift */,
			);
			path = HomeConversationTableViewCell;
			sourceTree = "<group>";
		};
		AEB745F82637327100B4C056 /* ChatViewController */ = {
			isa = PBXGroup;
			children = (
				AEB745FD263732C800B4C056 /* ChatViewController.storyboard */,
				AEB7460626373C6600B4C056 /* ChatViewControllerViewModel.swift */,
				AEB745F9263732A700B4C056 /* ChatViewController.swift */,
			);
			path = ChatViewController;
			sourceTree = "<group>";
		};
		AEB7460D263742F500B4C056 /* NewConversationController */ = {
			isa = PBXGroup;
			children = (
				AEB746122637433300B4C056 /* NewConversationViewController.storyboard */,
				AEB7460E2637432500B4C056 /* NewConversationViewController.swift */,
				AEB74616263743F300B4C056 /* NewConversationViewModel.swift */,
			);
			path = NewConversationController;
			sourceTree = "<group>";
		};
		AEF111212638A58F001D34E1 /* TabBarController */ = {
			isa = PBXGroup;
			children = (
				AEF111232638A5C8001D34E1 /* ProfileViewController */,
				AE4FA98B2631F514006A3243 /* HomeScreen */,
				AEF111252638A774001D34E1 /* HomeTabBarController.storyboard */,
				AEF111282638A783001D34E1 /* HomeTabBarController.swift */,
			);
			path = TabBarController;
			sourceTree = "<group>";
		};
		AEF111232638A5C8001D34E1 /* ProfileViewController */ = {
			isa = PBXGroup;
			children = (
				AEF1112F2638AAD4001D34E1 /* ProfileViewController.storyboard */,
				AEF1112C2638AAC8001D34E1 /* ProfileViewController.swift */,
				AEF111322638ADC9001D34E1 /* ProfileViewControllerViewModel.swift */,
			);
			path = ProfileViewController;
			sourceTree = "<group>";
		};
		AEF111362638B30D001D34E1 /* ProfilePageTableViewCells */ = {
			isa = PBXGroup;
			children = (
				AEA231782638BD66000BD274 /* ProfilePicture */,
				AEF1113A2638B3E6001D34E1 /* SignOut */,
			);
			path = ProfilePageTableViewCells;
			sourceTree = "<group>";
		};
		AEF1113A2638B3E6001D34E1 /* SignOut */ = {
			isa = PBXGroup;
			children = (
				AEF1113B2638B3F6001D34E1 /* SignoutTableViewCell.swift */,
				AEF1113F2638B413001D34E1 /* SignoutTableViewCell.xib */,
			);
			path = SignOut;
			sourceTree = "<group>";
		};
		AEFBA8AC263214600052D150 /* Utilities */ = {
			isa = PBXGroup;
			children = (
				AEFBA8AD2632146C0052D150 /* ViewControllerUtility.swift */,
				AEFBA8B226321F080052D150 /* StringUtility.swift */,
				AE88A88326333BA2003F35DF /* ViewUtility.swift */,
				AE91DC2D2639E187006BA2A1 /* ImageViewUtility.swift */,
				AEC096DB263B640500E4E3D5 /* DateUtility.swift */,
			);
			path = Utilities;
			sourceTree = "<group>";
		};
/* End PBXGroup section */

/* Begin PBXNativeTarget section */
		AE4FA96F2631F3E3006A3243 /* Messaging */ = {
			isa = PBXNativeTarget;
			buildConfigurationList = AE4FA9842631F3E5006A3243 /* Build configuration list for PBXNativeTarget "Messaging" */;
			buildPhases = (
				9ED4385E1D629844443AC339 /* [CP] Check Pods Manifest.lock */,
				AE4FA96C2631F3E3006A3243 /* Sources */,
				AE4FA96D2631F3E3006A3243 /* Frameworks */,
				AE4FA96E2631F3E3006A3243 /* Resources */,
				E499ADA3D15904BC174E8964 /* [CP] Embed Pods Frameworks */,
			);
			buildRules = (
			);
			dependencies = (
			);
			name = Messaging;
			productName = Messaging;
			productReference = AE4FA9702631F3E3006A3243 /* Messaging.app */;
			productType = "com.apple.product-type.application";
		};
/* End PBXNativeTarget section */

/* Begin PBXProject section */
		AE4FA9682631F3E3006A3243 /* Project object */ = {
			isa = PBXProject;
			attributes = {
				LastSwiftUpdateCheck = 1240;
				LastUpgradeCheck = 1240;
				TargetAttributes = {
					AE4FA96F2631F3E3006A3243 = {
						CreatedOnToolsVersion = 12.4;
					};
				};
			};
			buildConfigurationList = AE4FA96B2631F3E3006A3243 /* Build configuration list for PBXProject "Messaging" */;
			compatibilityVersion = "Xcode 9.3";
			developmentRegion = en;
			hasScannedForEncodings = 0;
			knownRegions = (
				en,
				Base,
			);
			mainGroup = AE4FA9672631F3E3006A3243;
			productRefGroup = AE4FA9712631F3E3006A3243 /* Products */;
			projectDirPath = "";
			projectRoot = "";
			targets = (
				AE4FA96F2631F3E3006A3243 /* Messaging */,
			);
		};
/* End PBXProject section */

/* Begin PBXResourcesBuildPhase section */
		AE4FA96E2631F3E3006A3243 /* Resources */ = {
			isa = PBXResourcesBuildPhase;
			buildActionMask = 2147483647;
			files = (
				AEA2317E2638BDBB000BD274 /* ProfilePictureTableViewCell.xib in Resources */,
				AE4FA9802631F3E5006A3243 /* LaunchScreen.storyboard in Resources */,
				AEB746132637433300B4C056 /* NewConversationViewController.storyboard in Resources */,
				AEF111302638AAD4001D34E1 /* ProfileViewController.storyboard in Resources */,
				AE88A88C26334237003F35DF /* RegisterView.xib in Resources */,
				AE4FA9952631F675006A3243 /* LoginViewController.storyboard in Resources */,
				AEB745FE263732C800B4C056 /* ChatViewController.storyboard in Resources */,
				AE88A87D26333AAF003F35DF /* LoginView.xib in Resources */,
				AE4FA97D2631F3E5006A3243 /* Assets.xcassets in Resources */,
				AEF1111F2638A1AF001D34E1 /* GoogleService-Info.plist in Resources */,
				AE4FA97B2631F3E3006A3243 /* HomeViewController.storyboard in Resources */,
				AEF111402638B413001D34E1 /* SignoutTableViewCell.xib in Resources */,
				AEF111262638A774001D34E1 /* HomeTabBarController.storyboard in Resources */,
				AEB7460126373A8C00B4C056 /* HomeConversationTableViewCell.xib in Resources */,
			);
			runOnlyForDeploymentPostprocessing = 0;
		};
/* End PBXResourcesBuildPhase section */

/* Begin PBXShellScriptBuildPhase section */
		9ED4385E1D629844443AC339 /* [CP] Check Pods Manifest.lock */ = {
			isa = PBXShellScriptBuildPhase;
			buildActionMask = 2147483647;
			files = (
			);
			inputFileListPaths = (
			);
			inputPaths = (
				"${PODS_PODFILE_DIR_PATH}/Podfile.lock",
				"${PODS_ROOT}/Manifest.lock",
			);
			name = "[CP] Check Pods Manifest.lock";
			outputFileListPaths = (
			);
			outputPaths = (
				"$(DERIVED_FILE_DIR)/Pods-Messaging-checkManifestLockResult.txt",
			);
			runOnlyForDeploymentPostprocessing = 0;
			shellPath = /bin/sh;
			shellScript = "diff \"${PODS_PODFILE_DIR_PATH}/Podfile.lock\" \"${PODS_ROOT}/Manifest.lock\" > /dev/null\nif [ $? != 0 ] ; then\n    # print error to STDERR\n    echo \"error: The sandbox is not in sync with the Podfile.lock. Run 'pod install' or update your CocoaPods installation.\" >&2\n    exit 1\nfi\n# This output is used by Xcode 'outputs' to avoid re-running this script phase.\necho \"SUCCESS\" > \"${SCRIPT_OUTPUT_FILE_0}\"\n";
			showEnvVarsInLog = 0;
		};
		E499ADA3D15904BC174E8964 /* [CP] Embed Pods Frameworks */ = {
			isa = PBXShellScriptBuildPhase;
			buildActionMask = 2147483647;
			files = (
			);
			inputFileListPaths = (
				"${PODS_ROOT}/Target Support Files/Pods-Messaging/Pods-Messaging-frameworks-${CONFIGURATION}-input-files.xcfilelist",
			);
			name = "[CP] Embed Pods Frameworks";
			outputFileListPaths = (
				"${PODS_ROOT}/Target Support Files/Pods-Messaging/Pods-Messaging-frameworks-${CONFIGURATION}-output-files.xcfilelist",
			);
			runOnlyForDeploymentPostprocessing = 0;
			shellPath = /bin/sh;
			shellScript = "\"${PODS_ROOT}/Target Support Files/Pods-Messaging/Pods-Messaging-frameworks.sh\"\n";
			showEnvVarsInLog = 0;
		};
/* End PBXShellScriptBuildPhase section */

/* Begin PBXSourcesBuildPhase section */
		AE4FA96C2631F3E3006A3243 /* Sources */ = {
			isa = PBXSourcesBuildPhase;
			buildActionMask = 2147483647;
			files = (
				AEFBA8B326321F080052D150 /* StringUtility.swift in Sources */,
				AE88A88426333BA2003F35DF /* ViewUtility.swift in Sources */,
				AEF111292638A783001D34E1 /* HomeTabBarController.swift in Sources */,
				AEF111332638ADC9001D34E1 /* ProfileViewControllerViewModel.swift in Sources */,
				AE4FA9912631F637006A3243 /* LoginViewController.swift in Sources */,
				AEB7463226374A7A00B4C056 /* StorageManager.swift in Sources */,
				AEFBA8AE2632146C0052D150 /* ViewControllerUtility.swift in Sources */,
				AE4FA9782631F3E3006A3243 /* HomeViewController.swift in Sources */,
				AEFBA8A9263209170052D150 /* LoginViewModel.swift in Sources */,
				AEEB51F12639574500F63FED /* ProfilePictureTableViewCellViewModel.swift in Sources */,
				AEB74617263743F300B4C056 /* NewConversationViewModel.swift in Sources */,
				AE9DCD8426361DB8003AFF71 /* DatabaseManager.swift in Sources */,
				AE88A88726333D29003F35DF /* LoginViewViewModel.swift in Sources */,
				AE88A89226334850003F35DF /* RegisterViewViewModel.swift in Sources */,
				AEB7460F2637432500B4C056 /* NewConversationViewController.swift in Sources */,
				AE91DC2E2639E187006BA2A1 /* ImageViewUtility.swift in Sources */,
				AEA2317D2638BDBB000BD274 /* ProfilePictureTableViewCell.swift in Sources */,
				AE4FA9742631F3E3006A3243 /* AppDelegate.swift in Sources */,
				AE712E702632074000F09978 /* StringConstants.swift in Sources */,
				AEF1112D2638AAC8001D34E1 /* ProfileViewController.swift in Sources */,
				AEB7460726373C6600B4C056 /* ChatViewControllerViewModel.swift in Sources */,
				AEC096DC263B640500E4E3D5 /* DateUtility.swift in Sources */,
				AEF1113C2638B3F6001D34E1 /* SignoutTableViewCell.swift in Sources */,
				AE88A88F2633436F003F35DF /* RegisterView.swift in Sources */,
				AE88A88026333AF4003F35DF /* LoginView.swift in Sources */,
				AEB7460426373AA900B4C056 /* HomeConversationTableViewCell.swift in Sources */,
				AEB745FA263732A700B4C056 /* ChatViewController.swift in Sources */,
				AEB7460A2637421600B4C056 /* HomeScreenViewModel.swift in Sources */,
				AE4FA9762631F3E3006A3243 /* SceneDelegate.swift in Sources */,
			);
			runOnlyForDeploymentPostprocessing = 0;
		};
/* End PBXSourcesBuildPhase section */

/* Begin PBXVariantGroup section */
		AE4FA9792631F3E3006A3243 /* HomeViewController.storyboard */ = {
			isa = PBXVariantGroup;
			children = (
				AE4FA97A2631F3E3006A3243 /* Base */,
			);
			name = HomeViewController.storyboard;
			sourceTree = "<group>";
		};
		AE4FA97E2631F3E5006A3243 /* LaunchScreen.storyboard */ = {
			isa = PBXVariantGroup;
			children = (
				AE4FA97F2631F3E5006A3243 /* Base */,
			);
			name = LaunchScreen.storyboard;
			sourceTree = "<group>";
		};
/* End PBXVariantGroup section */

/* Begin XCBuildConfiguration section */
		AE4FA9822631F3E5006A3243 /* Debug */ = {
			isa = XCBuildConfiguration;
			buildSettings = {
				ALWAYS_SEARCH_USER_PATHS = NO;
				CLANG_ANALYZER_NONNULL = YES;
				CLANG_ANALYZER_NUMBER_OBJECT_CONVERSION = YES_AGGRESSIVE;
				CLANG_CXX_LANGUAGE_STANDARD = "gnu++14";
				CLANG_CXX_LIBRARY = "libc++";
				CLANG_ENABLE_MODULES = YES;
				CLANG_ENABLE_OBJC_ARC = YES;
				CLANG_ENABLE_OBJC_WEAK = YES;
				CLANG_WARN_BLOCK_CAPTURE_AUTORELEASING = YES;
				CLANG_WARN_BOOL_CONVERSION = YES;
				CLANG_WARN_COMMA = YES;
				CLANG_WARN_CONSTANT_CONVERSION = YES;
				CLANG_WARN_DEPRECATED_OBJC_IMPLEMENTATIONS = YES;
				CLANG_WARN_DIRECT_OBJC_ISA_USAGE = YES_ERROR;
				CLANG_WARN_DOCUMENTATION_COMMENTS = YES;
				CLANG_WARN_EMPTY_BODY = YES;
				CLANG_WARN_ENUM_CONVERSION = YES;
				CLANG_WARN_INFINITE_RECURSION = YES;
				CLANG_WARN_INT_CONVERSION = YES;
				CLANG_WARN_NON_LITERAL_NULL_CONVERSION = YES;
				CLANG_WARN_OBJC_IMPLICIT_RETAIN_SELF = YES;
				CLANG_WARN_OBJC_LITERAL_CONVERSION = YES;
				CLANG_WARN_OBJC_ROOT_CLASS = YES_ERROR;
				CLANG_WARN_QUOTED_INCLUDE_IN_FRAMEWORK_HEADER = YES;
				CLANG_WARN_RANGE_LOOP_ANALYSIS = YES;
				CLANG_WARN_STRICT_PROTOTYPES = YES;
				CLANG_WARN_SUSPICIOUS_MOVE = YES;
				CLANG_WARN_UNGUARDED_AVAILABILITY = YES_AGGRESSIVE;
				CLANG_WARN_UNREACHABLE_CODE = YES;
				CLANG_WARN__DUPLICATE_METHOD_MATCH = YES;
				COPY_PHASE_STRIP = NO;
				DEBUG_INFORMATION_FORMAT = dwarf;
				ENABLE_STRICT_OBJC_MSGSEND = YES;
				ENABLE_TESTABILITY = YES;
				GCC_C_LANGUAGE_STANDARD = gnu11;
				GCC_DYNAMIC_NO_PIC = NO;
				GCC_NO_COMMON_BLOCKS = YES;
				GCC_OPTIMIZATION_LEVEL = 0;
				GCC_PREPROCESSOR_DEFINITIONS = (
					"DEBUG=1",
					"$(inherited)",
				);
				GCC_WARN_64_TO_32_BIT_CONVERSION = YES;
				GCC_WARN_ABOUT_RETURN_TYPE = YES_ERROR;
				GCC_WARN_UNDECLARED_SELECTOR = YES;
				GCC_WARN_UNINITIALIZED_AUTOS = YES_AGGRESSIVE;
				GCC_WARN_UNUSED_FUNCTION = YES;
				GCC_WARN_UNUSED_VARIABLE = YES;
				IPHONEOS_DEPLOYMENT_TARGET = 13.0;
				MTL_ENABLE_DEBUG_INFO = INCLUDE_SOURCE;
				MTL_FAST_MATH = YES;
				ONLY_ACTIVE_ARCH = YES;
				SDKROOT = iphoneos;
				SWIFT_ACTIVE_COMPILATION_CONDITIONS = DEBUG;
				SWIFT_OPTIMIZATION_LEVEL = "-Onone";
			};
			name = Debug;
		};
		AE4FA9832631F3E5006A3243 /* Release */ = {
			isa = XCBuildConfiguration;
			buildSettings = {
				ALWAYS_SEARCH_USER_PATHS = NO;
				CLANG_ANALYZER_NONNULL = YES;
				CLANG_ANALYZER_NUMBER_OBJECT_CONVERSION = YES_AGGRESSIVE;
				CLANG_CXX_LANGUAGE_STANDARD = "gnu++14";
				CLANG_CXX_LIBRARY = "libc++";
				CLANG_ENABLE_MODULES = YES;
				CLANG_ENABLE_OBJC_ARC = YES;
				CLANG_ENABLE_OBJC_WEAK = YES;
				CLANG_WARN_BLOCK_CAPTURE_AUTORELEASING = YES;
				CLANG_WARN_BOOL_CONVERSION = YES;
				CLANG_WARN_COMMA = YES;
				CLANG_WARN_CONSTANT_CONVERSION = YES;
				CLANG_WARN_DEPRECATED_OBJC_IMPLEMENTATIONS = YES;
				CLANG_WARN_DIRECT_OBJC_ISA_USAGE = YES_ERROR;
				CLANG_WARN_DOCUMENTATION_COMMENTS = YES;
				CLANG_WARN_EMPTY_BODY = YES;
				CLANG_WARN_ENUM_CONVERSION = YES;
				CLANG_WARN_INFINITE_RECURSION = YES;
				CLANG_WARN_INT_CONVERSION = YES;
				CLANG_WARN_NON_LITERAL_NULL_CONVERSION = YES;
				CLANG_WARN_OBJC_IMPLICIT_RETAIN_SELF = YES;
				CLANG_WARN_OBJC_LITERAL_CONVERSION = YES;
				CLANG_WARN_OBJC_ROOT_CLASS = YES_ERROR;
				CLANG_WARN_QUOTED_INCLUDE_IN_FRAMEWORK_HEADER = YES;
				CLANG_WARN_RANGE_LOOP_ANALYSIS = YES;
				CLANG_WARN_STRICT_PROTOTYPES = YES;
				CLANG_WARN_SUSPICIOUS_MOVE = YES;
				CLANG_WARN_UNGUARDED_AVAILABILITY = YES_AGGRESSIVE;
				CLANG_WARN_UNREACHABLE_CODE = YES;
				CLANG_WARN__DUPLICATE_METHOD_MATCH = YES;
				COPY_PHASE_STRIP = NO;
				DEBUG_INFORMATION_FORMAT = "dwarf-with-dsym";
				ENABLE_NS_ASSERTIONS = NO;
				ENABLE_STRICT_OBJC_MSGSEND = YES;
				GCC_C_LANGUAGE_STANDARD = gnu11;
				GCC_NO_COMMON_BLOCKS = YES;
				GCC_WARN_64_TO_32_BIT_CONVERSION = YES;
				GCC_WARN_ABOUT_RETURN_TYPE = YES_ERROR;
				GCC_WARN_UNDECLARED_SELECTOR = YES;
				GCC_WARN_UNINITIALIZED_AUTOS = YES_AGGRESSIVE;
				GCC_WARN_UNUSED_FUNCTION = YES;
				GCC_WARN_UNUSED_VARIABLE = YES;
				IPHONEOS_DEPLOYMENT_TARGET = 13.0;
				MTL_ENABLE_DEBUG_INFO = NO;
				MTL_FAST_MATH = YES;
				SDKROOT = iphoneos;
				SWIFT_COMPILATION_MODE = wholemodule;
				SWIFT_OPTIMIZATION_LEVEL = "-O";
				VALIDATE_PRODUCT = YES;
			};
			name = Release;
		};
		AE4FA9852631F3E5006A3243 /* Debug */ = {
			isa = XCBuildConfiguration;
			baseConfigurationReference = 7ECC66C78D3C8F3A5660F192 /* Pods-Messaging.debug.xcconfig */;
			buildSettings = {
				ASSETCATALOG_COMPILER_APPICON_NAME = AppIcon;
				ASSETCATALOG_COMPILER_GLOBAL_ACCENT_COLOR_NAME = AccentColor;
				CODE_SIGN_IDENTITY = "Apple Development";
				CODE_SIGN_STYLE = Automatic;
				DEVELOPMENT_TEAM = 8C4BXC8Z6S;
				INFOPLIST_FILE = Messaging/Info.plist;
				IPHONEOS_DEPLOYMENT_TARGET = 13.0;
				LD_RUNPATH_SEARCH_PATHS = (
					"$(inherited)",
					"@executable_path/Frameworks",
				);
				PRODUCT_BUNDLE_IDENTIFIER = com.lourdes.ChatApp;
				PRODUCT_NAME = "$(TARGET_NAME)";
				PROVISIONING_PROFILE_SPECIFIER = "";
				SWIFT_VERSION = 5.0;
				TARGETED_DEVICE_FAMILY = 1;
			};
			name = Debug;
		};
		AE4FA9862631F3E5006A3243 /* Release */ = {
			isa = XCBuildConfiguration;
			baseConfigurationReference = 57AEE2E87F44F652DC33E097 /* Pods-Messaging.release.xcconfig */;
			buildSettings = {
				ASSETCATALOG_COMPILER_APPICON_NAME = AppIcon;
				ASSETCATALOG_COMPILER_GLOBAL_ACCENT_COLOR_NAME = AccentColor;
				CODE_SIGN_IDENTITY = "Apple Development";
				CODE_SIGN_STYLE = Automatic;
				DEVELOPMENT_TEAM = 8C4BXC8Z6S;
				INFOPLIST_FILE = Messaging/Info.plist;
				IPHONEOS_DEPLOYMENT_TARGET = 13.0;
				LD_RUNPATH_SEARCH_PATHS = (
					"$(inherited)",
					"@executable_path/Frameworks",
				);
				PRODUCT_BUNDLE_IDENTIFIER = com.lourdes.ChatApp;
				PRODUCT_NAME = "$(TARGET_NAME)";
				PROVISIONING_PROFILE_SPECIFIER = "";
				SWIFT_VERSION = 5.0;
				TARGETED_DEVICE_FAMILY = 1;
			};
			name = Release;
		};
/* End XCBuildConfiguration section */

/* Begin XCConfigurationList section */
		AE4FA96B2631F3E3006A3243 /* Build configuration list for PBXProject "Messaging" */ = {
			isa = XCConfigurationList;
			buildConfigurations = (
				AE4FA9822631F3E5006A3243 /* Debug */,
				AE4FA9832631F3E5006A3243 /* Release */,
			);
			defaultConfigurationIsVisible = 0;
			defaultConfigurationName = Release;
		};
		AE4FA9842631F3E5006A3243 /* Build configuration list for PBXNativeTarget "Messaging" */ = {
			isa = XCConfigurationList;
			buildConfigurations = (
				AE4FA9852631F3E5006A3243 /* Debug */,
				AE4FA9862631F3E5006A3243 /* Release */,
			);
			defaultConfigurationIsVisible = 0;
			defaultConfigurationName = Release;
		};
/* End XCConfigurationList section */
	};
	rootObject = AE4FA9682631F3E3006A3243 /* Project object */;
}
